<?xml version="1.0" encoding="UTF-8" standalone="yes" ?>
<CodeBlocks_project_file>
	<FileVersion major="1" minor="6" />
	<Project>
		<Option title="plane_crawler" />
		<Option makefile="Makefile_windows" />
		<Option makefile_is_custom="1" />
		<Option pch_mode="2" />
		<Option compiler="gcc" />
		<MakeCommands>
			<Build command="$make -f $makefile" />
			<CompileFile command="" />
			<Clean command="" />
			<DistClean command="$make -f $makefile distclean$target" />
			<AskRebuildNeeded command="" />
			<SilentBuild command="$make -f $makefile &gt; $(CMD_NULL)" />
		</MakeCommands>
		<Build>
			<Target title="default">
				<Option output="plane_crawler" prefix_auto="1" extension_auto="1" />
				<Option type="1" />
				<Option compiler="gcc" />
				<MakeCommands>
					<Build command="$make -f $makefile" />
					<CompileFile command="" />
					<Clean command="" />
					<DistClean command="$make -f $makefile distclean$target" />
					<AskRebuildNeeded command="" />
					<SilentBuild command="$make -f $makefile &gt; $(CMD_NULL)" />
				</MakeCommands>
			</Target>
		</Build>
		<Compiler>
			<Add option="-Wall" />
		</Compiler>
		<Unit filename="Makefile_linux" />
		<Unit filename="Makefile_windows" />
		<Unit filename="resource/shader/heightmap.frag" />
		<Unit filename="resource/shader/heightmap.info" />
		<Unit filename="resource/shader/heightmap.vert" />
		<Unit filename="resource/shader/texture_quad.frag" />
		<Unit filename="resource/shader/texture_quad.info" />
		<Unit filename="resource/shader/texture_quad.vert" />
		<Unit filename="source/camera.cpp" />
		<Unit filename="source/draw.cpp" />
		<Unit filename="source/ext/HandmadeMath.h" />
		<Unit filename="source/ext/rf_utils.h" />
		<Unit filename="source/ext/stb_image.h" />
		<Unit filename="source/gl_load.cpp" />
		<Unit filename="source/gl_load.h" />
		<Unit filename="source/globals.cpp" />
		<Unit filename="source/input.cpp" />
		<Unit filename="source/main.cpp" />
		<Unit filename="source/noise.cpp" />
		<Unit filename="source/resource.cpp" />
		<Unit filename="source/state.cpp" />
		<Unit filename="source/state_game.cpp" />
		<Unit filename="source/state_title.cpp" />
		<Extensions>
			<code_completion />
			<envvars />
			<debugger />
		</Extensions>
	</Project>
</CodeBlocks_project_file>
